
Microsoft Visual Studio Solution File, Format Version 12.00
# Visual Studio 15
VisualStudioVersion = 15.0.27004.2005
MinimumVisualStudioVersion = 10.0.40219.1
Project("{FAE04EC0-301F-11D3-BF4B-00C04F79EFBC}") = "slutprojekt", "slutprojekt\slutprojekt.csproj", "{FB0ED6B5-E878-484E-BC65-243E10793586}"
EndProject
Global
	GlobalSection(SolutionConfigurationPlatforms) = preSolution
		Debug|Any CPU = Debug|Any CPU
		Release|Any CPU = Release|Any CPU
	EndGlobalSection
	GlobalSection(ProjectConfigurationPlatforms) = postSolution
		{FB0ED6B5-E878-484E-BC65-243E10793586}.Debug|Any CPU.ActiveCfg = Debug|Any CPU
		{FB0ED6B5-E878-484E-BC65-243E10793586}.Debug|Any CPU.Build.0 = Debug|Any CPU
		{FB0ED6B5-E878-484E-BC65-243E10793586}.Release|Any CPU.ActiveCfg = Release|Any CPU
		{FB0ED6B5-E878-484E-BC65-243E10793586}.Release|Any CPU.Build.0 = Release|Any CPU
	EndGlobalSection
	GlobalSection(SolutionProperties) = preSolution
		HideSolutionNode = FALSE
	EndGlobalSection
	GlobalSection(ExtensibilityGlobals) = postSolution
		SolutionGuid = {1044711E-1AF3-4BCA-8902-1B273D997AE4}
	EndGlobalSection
EndGlobal
